
Microsoft Visual Studio Solution File, Format Version 12.00
# Visual Studio Version 17
VisualStudioVersion = 17.3.32804.467
MinimumVisualStudioVersion = 10.0.40219.1
Project("{FAE04EC0-301F-11D3-BF4B-00C04F79EFBC}") = "RunGroopWebApp", "RunGroopWebApp.csproj", "{590225E4-CECB-4AEB-B14C-787E919B4397}"
EndProject
Global
	GlobalSection(SolutionConfigurationPlatforms) = preSolution
		Debug|Any CPU = Debug|Any CPU
		Release|Any CPU = Release|Any CPU
	EndGlobalSection
	GlobalSection(ProjectConfigurationPlatforms) = postSolution
		{590225E4-CECB-4AEB-B14C-787E919B4397}.Debug|Any CPU.ActiveCfg = Debug|Any CPU
		{590225E4-CECB-4AEB-B14C-787E919B4397}.Debug|Any CPU.Build.0 = Debug|Any CPU
		{590225E4-CECB-4AEB-B14C-787E919B4397}.Release|Any CPU.ActiveCfg = Release|Any CPU
		{590225E4-CECB-4AEB-B14C-787E919B4397}.Release|Any CPU.Build.0 = Release|Any CPU
	EndGlobalSection
	GlobalSection(SolutionProperties) = preSolution
		HideSolutionNode = FALSE
	EndGlobalSection
	GlobalSection(ExtensibilityGlobals) = postSolution
		SolutionGuid = {8C55C4DB-EA20-40E9-85E0-3DDEC1EC4E70}
	EndGlobalSection
EndGlobal
